// !$*UTF8*$!
{
	archiveVersion = 1;
	classes = {
	};
	objectVersion = 53;
	objects = {

/* Begin PBXBuildFile section */
		3988359D90F8468E5BDDABAB /* Pods_macosApp.framework in Frameworks */ = {isa = PBXBuildFile; fileRef = 7EFAE14E7E4DEDE5A939C5F7 /* Pods_macosApp.framework */; };
		E75A827B284BEDF8001E6B91 /* macosAppApp.swift in Sources */ = {isa = PBXBuildFile; fileRef = E75A827A284BEDF8001E6B91 /* macosAppApp.swift */; };
		E75A827D284BEDF8001E6B91 /* ContentView.swift in Sources */ = {isa = PBXBuildFile; fileRef = E75A827C284BEDF8001E6B91 /* ContentView.swift */; };
		E75A827F284BEDF9001E6B91 /* Assets.xcassets in Resources */ = {isa = PBXBuildFile; fileRef = E75A827E284BEDF9001E6B91 /* Assets.xcassets */; };
		E75A8282284BEDF9001E6B91 /* Preview Assets.xcassets in Resources */ = {isa = PBXBuildFile; fileRef = E75A8281284BEDF9001E6B91 /* Preview Assets.xcassets */; };
		E75A828D284BEDF9001E6B91 /* macosAppTests.swift in Sources */ = {isa = PBXBuildFile; fileRef = E75A828C284BEDF9001E6B91 /* macosAppTests.swift */; };
		E75A8297284BEDF9001E6B91 /* macosAppUITests.swift in Sources */ = {isa = PBXBuildFile; fileRef = E75A8296284BEDF9001E6B91 /* macosAppUITests.swift */; };
		E75A8299284BEDF9001E6B91 /* macosAppUITestsLaunchTests.swift in Sources */ = {isa = PBXBuildFile; fileRef = E75A8298284BEDF9001E6B91 /* macosAppUITestsLaunchTests.swift */; };
/* End PBXBuildFile section */

/* Begin PBXContainerItemProxy section */
		E75A8289284BEDF9001E6B91 /* PBXContainerItemProxy */ = {
			isa = PBXContainerItemProxy;
			containerPortal = E75A826F284BEDF8001E6B91 /* Project object */;
			proxyType = 1;
			remoteGlobalIDString = E75A8276284BEDF8001E6B91;
			remoteInfo = macosApp;
		};
		E75A8293284BEDF9001E6B91 /* PBXContainerItemProxy */ = {
			isa = PBXContainerItemProxy;
			containerPortal = E75A826F284BEDF8001E6B91 /* Project object */;
			proxyType = 1;
			remoteGlobalIDString = E75A8276284BEDF8001E6B91;
			remoteInfo = macosApp;
		};
/* End PBXContainerItemProxy section */

/* Begin PBXFileReference section */
		7EFAE14E7E4DEDE5A939C5F7 /* Pods_macosApp.framework */ = {isa = PBXFileReference; explicitFileType = wrapper.framework; includeInIndex = 0; path = Pods_macosApp.framework; sourceTree = BUILT_PRODUCTS_DIR; };
		BDAE3385CC0430BA106A488D /* Pods-macosApp.debug.xcconfig */ = {isa = PBXFileReference; includeInIndex = 1; lastKnownFileType = text.xcconfig; name = "Pods-macosApp.debug.xcconfig"; path = "Target Support Files/Pods-macosApp/Pods-macosApp.debug.xcconfig"; sourceTree = "<group>"; };
		DBC59050D1542682B76FD3D0 /* Pods-macosApp.release.xcconfig */ = {isa = PBXFileReference; includeInIndex = 1; lastKnownFileType = text.xcconfig; name = "Pods-macosApp.release.xcconfig"; path = "Target Support Files/Pods-macosApp/Pods-macosApp.release.xcconfig"; sourceTree = "<group>"; };
		E75A8277284BEDF8001E6B91 /* macosApp.app */ = {isa = PBXFileReference; explicitFileType = wrapper.application; includeInIndex = 0; path = macosApp.app; sourceTree = BUILT_PRODUCTS_DIR; };
		E75A827A284BEDF8001E6B91 /* macosAppApp.swift */ = {isa = PBXFileReference; lastKnownFileType = sourcecode.swift; path = macosAppApp.swift; sourceTree = "<group>"; };
		E75A827C284BEDF8001E6B91 /* ContentView.swift */ = {isa = PBXFileReference; lastKnownFileType = sourcecode.swift; path = ContentView.swift; sourceTree = "<group>"; };
		E75A827E284BEDF9001E6B91 /* Assets.xcassets */ = {isa = PBXFileReference; lastKnownFileType = folder.assetcatalog; path = Assets.xcassets; sourceTree = "<group>"; };
		E75A8281284BEDF9001E6B91 /* Preview Assets.xcassets */ = {isa = PBXFileReference; lastKnownFileType = folder.assetcatalog; path = "Preview Assets.xcassets"; sourceTree = "<group>"; };
		E75A8283284BEDF9001E6B91 /* macosApp.entitlements */ = {isa = PBXFileReference; lastKnownFileType = text.plist.entitlements; path = macosApp.entitlements; sourceTree = "<group>"; };
		E75A8288284BEDF9001E6B91 /* macosAppTests.xctest */ = {isa = PBXFileReference; explicitFileType = wrapper.cfbundle; includeInIndex = 0; path = macosAppTests.xctest; sourceTree = BUILT_PRODUCTS_DIR; };
		E75A828C284BEDF9001E6B91 /* macosAppTests.swift */ = {isa = PBXFileReference; lastKnownFileType = sourcecode.swift; path = macosAppTests.swift; sourceTree = "<group>"; };
		E75A8292284BEDF9001E6B91 /* macosAppUITests.xctest */ = {isa = PBXFileReference; explicitFileType = wrapper.cfbundle; includeInIndex = 0; path = macosAppUITests.xctest; sourceTree = BUILT_PRODUCTS_DIR; };
		E75A8296284BEDF9001E6B91 /* macosAppUITests.swift */ = {isa = PBXFileReference; lastKnownFileType = sourcecode.swift; path = macosAppUITests.swift; sourceTree = "<group>"; };
		E75A8298284BEDF9001E6B91 /* macosAppUITestsLaunchTests.swift */ = {isa = PBXFileReference; lastKnownFileType = sourcecode.swift; path = macosAppUITestsLaunchTests.swift; sourceTree = "<group>"; };
/* End PBXFileReference section */

/* Begin PBXFrameworksBuildPhase section */
		E75A8274284BEDF8001E6B91 /* Frameworks */ = {
			isa = PBXFrameworksBuildPhase;
			buildActionMask = 2147483647;
			files = (
				3988359D90F8468E5BDDABAB /* Pods_macosApp.framework in Frameworks */,
			);
			runOnlyForDeploymentPostprocessing = 0;
		};
		E75A8285284BEDF9001E6B91 /* Frameworks */ = {
			isa = PBXFrameworksBuildPhase;
			buildActionMask = 2147483647;
			files = (
			);
			runOnlyForDeploymentPostprocessing = 0;
		};
		E75A828F284BEDF9001E6B91 /* Frameworks */ = {
			isa = PBXFrameworksBuildPhase;
			buildActionMask = 2147483647;
			files = (
			);
			runOnlyForDeploymentPostprocessing = 0;
		};
/* End PBXFrameworksBuildPhase section */

/* Begin PBXGroup section */
		CF21A352E16A7182112BCBE7 /* Frameworks */ = {
			isa = PBXGroup;
			children = (
				7EFAE14E7E4DEDE5A939C5F7 /* Pods_macosApp.framework */,
			);
			name = Frameworks;
			sourceTree = "<group>";
		};
		E75A826E284BEDF8001E6B91 = {
			isa = PBXGroup;
			children = (
				E75A8279284BEDF8001E6B91 /* macosApp */,
				E75A828B284BEDF9001E6B91 /* macosAppTests */,
				E75A8295284BEDF9001E6B91 /* macosAppUITests */,
				E75A8278284BEDF8001E6B91 /* Products */,
				EE4AB78C1358F6E9776FEC81 /* Pods */,
				CF21A352E16A7182112BCBE7 /* Frameworks */,
			);
			sourceTree = "<group>";
		};
		E75A8278284BEDF8001E6B91 /* Products */ = {
			isa = PBXGroup;
			children = (
				E75A8277284BEDF8001E6B91 /* macosApp.app */,
				E75A8288284BEDF9001E6B91 /* macosAppTests.xctest */,
				E75A8292284BEDF9001E6B91 /* macosAppUITests.xctest */,
			);
			name = Products;
			sourceTree = "<group>";
		};
		E75A8279284BEDF8001E6B91 /* macosApp */ = {
			isa = PBXGroup;
			children = (
				E75A827A284BEDF8001E6B91 /* macosAppApp.swift */,
				E75A827C284BEDF8001E6B91 /* ContentView.swift */,
				E75A827E284BEDF9001E6B91 /* Assets.xcassets */,
				E75A8283284BEDF9001E6B91 /* macosApp.entitlements */,
				E75A8280284BEDF9001E6B91 /* Preview Content */,
			);
			path = macosApp;
			sourceTree = "<group>";
		};
		E75A8280284BEDF9001E6B91 /* Preview Content */ = {
			isa = PBXGroup;
			children = (
				E75A8281284BEDF9001E6B91 /* Preview Assets.xcassets */,
			);
			path = "Preview Content";
			sourceTree = "<group>";
		};
		E75A828B284BEDF9001E6B91 /* macosAppTests */ = {
			isa = PBXGroup;
			children = (
				E75A828C284BEDF9001E6B91 /* macosAppTests.swift */,
			);
			path = macosAppTests;
			sourceTree = "<group>";
		};
		E75A8295284BEDF9001E6B91 /* macosAppUITests */ = {
			isa = PBXGroup;
			children = (
				E75A8296284BEDF9001E6B91 /* macosAppUITests.swift */,
				E75A8298284BEDF9001E6B91 /* macosAppUITestsLaunchTests.swift */,
			);
			path = macosAppUITests;
			sourceTree = "<group>";
		};
		EE4AB78C1358F6E9776FEC81 /* Pods */ = {
			isa = PBXGroup;
			children = (
				BDAE3385CC0430BA106A488D /* Pods-macosApp.debug.xcconfig */,
				DBC59050D1542682B76FD3D0 /* Pods-macosApp.release.xcconfig */,
			);
			name = Pods;
			path = Pods;
			sourceTree = "<group>";
		};
/* End PBXGroup section */

/* Begin PBXNativeTarget section */
		E75A8276284BEDF8001E6B91 /* macosApp */ = {
			isa = PBXNativeTarget;
			buildConfigurationList = E75A829C284BEDF9001E6B91 /* Build configuration list for PBXNativeTarget "macosApp" */;
			buildPhases = (
				EF3EB54572C942C8D4B45D17 /* [CP] Check Pods Manifest.lock */,
				E75A8273284BEDF8001E6B91 /* Sources */,
				E75A8274284BEDF8001E6B91 /* Frameworks */,
				E75A8275284BEDF8001E6B91 /* Resources */,
			);
			buildRules = (
			);
			dependencies = (
			);
			name = macosApp;
			productName = macosApp;
			productReference = E75A8277284BEDF8001E6B91 /* macosApp.app */;
			productType = "com.apple.product-type.application";
		};
		E75A8287284BEDF9001E6B91 /* macosAppTests */ = {
			isa = PBXNativeTarget;
			buildConfigurationList = E75A829F284BEDF9001E6B91 /* Build configuration list for PBXNativeTarget "macosAppTests" */;
			buildPhases = (
				E75A8284284BEDF9001E6B91 /* Sources */,
				E75A8285284BEDF9001E6B91 /* Frameworks */,
				E75A8286284BEDF9001E6B91 /* Resources */,
			);
			buildRules = (
			);
			dependencies = (
				E75A828A284BEDF9001E6B91 /* PBXTargetDependency */,
			);
			name = macosAppTests;
			productName = macosAppTests;
			productReference = E75A8288284BEDF9001E6B91 /* macosAppTests.xctest */;
			productType = "com.apple.product-type.bundle.unit-test";
		};
		E75A8291284BEDF9001E6B91 /* macosAppUITests */ = {
			isa = PBXNativeTarget;
			buildConfigurationList = E75A82A2284BEDF9001E6B91 /* Build configuration list for PBXNativeTarget "macosAppUITests" */;
			buildPhases = (
				E75A828E284BEDF9001E6B91 /* Sources */,
				E75A828F284BEDF9001E6B91 /* Frameworks */,
				E75A8290284BEDF9001E6B91 /* Resources */,
			);
			buildRules = (
			);
			dependencies = (
				E75A8294284BEDF9001E6B91 /* PBXTargetDependency */,
			);
			name = macosAppUITests;
			productName = macosAppUITests;
			productReference = E75A8292284BEDF9001E6B91 /* macosAppUITests.xctest */;
			productType = "com.apple.product-type.bundle.ui-testing";
		};
/* End PBXNativeTarget section */

/* Begin PBXProject section */
		E75A826F284BEDF8001E6B91 /* Project object */ = {
			isa = PBXProject;
			attributes = {
				BuildIndependentTargetsInParallel = 1;
				LastSwiftUpdateCheck = 1340;
				LastUpgradeCheck = 1340;
				TargetAttributes = {
					E75A8276284BEDF8001E6B91 = {
						CreatedOnToolsVersion = 13.4.1;
					};
					E75A8287284BEDF9001E6B91 = {
						CreatedOnToolsVersion = 13.4.1;
						TestTargetID = E75A8276284BEDF8001E6B91;
					};
					E75A8291284BEDF9001E6B91 = {
						CreatedOnToolsVersion = 13.4.1;
						TestTargetID = E75A8276284BEDF8001E6B91;
					};
				};
			};
			buildConfigurationList = E75A8272284BEDF8001E6B91 /* Build configuration list for PBXProject "macosApp" */;
			compatibilityVersion = "Xcode 9.3";
			developmentRegion = en;
			hasScannedForEncodings = 0;
			knownRegions = (
				en,
				Base,
			);
			mainGroup = E75A826E284BEDF8001E6B91;
			productRefGroup = E75A8278284BEDF8001E6B91 /* Products */;
			projectDirPath = "";
			projectRoot = "";
			targets = (
				E75A8276284BEDF8001E6B91 /* macosApp */,
				E75A8287284BEDF9001E6B91 /* macosAppTests */,
				E75A8291284BEDF9001E6B91 /* macosAppUITests */,
			);
		};
/* End PBXProject section */

/* Begin PBXResourcesBuildPhase section */
		E75A8275284BEDF8001E6B91 /* Resources */ = {
			isa = PBXResourcesBuildPhase;
			buildActionMask = 2147483647;
			files = (
				E75A8282284BEDF9001E6B91 /* Preview Assets.xcassets in Resources */,
				E75A827F284BEDF9001E6B91 /* Assets.xcassets in Resources */,
			);
			runOnlyForDeploymentPostprocessing = 0;
		};
		E75A8286284BEDF9001E6B91 /* Resources */ = {
			isa = PBXResourcesBuildPhase;
			buildActionMask = 2147483647;
			files = (
			);
			runOnlyForDeploymentPostprocessing = 0;
		};
		E75A8290284BEDF9001E6B91 /* Resources */ = {
			isa = PBXResourcesBuildPhase;
			buildActionMask = 2147483647;
			files = (
			);
			runOnlyForDeploymentPostprocessing = 0;
		};
/* End PBXResourcesBuildPhase section */

/* Begin PBXShellScriptBuildPhase section */
		EF3EB54572C942C8D4B45D17 /* [CP] Check Pods Manifest.lock */ = {
			isa = PBXShellScriptBuildPhase;
			buildActionMask = 2147483647;
			files = (
			);
			inputFileListPaths = (
			);
			inputPaths = (
				"${PODS_PODFILE_DIR_PATH}/Podfile.lock",
				"${PODS_ROOT}/Manifest.lock",
			);
			name = "[CP] Check Pods Manifest.lock";
			outputFileListPaths = (
			);
			outputPaths = (
				"$(DERIVED_FILE_DIR)/Pods-macosApp-checkManifestLockResult.txt",
			);
			runOnlyForDeploymentPostprocessing = 0;
			shellPath = /bin/sh;
			shellScript = "diff \"${PODS_PODFILE_DIR_PATH}/Podfile.lock\" \"${PODS_ROOT}/Manifest.lock\" > /dev/null\nif [ $? != 0 ] ; then\n    # print error to STDERR\n    echo \"error: The sandbox is not in sync with the Podfile.lock. Run 'pod install' or update your CocoaPods installation.\" >&2\n    exit 1\nfi\n# This output is used by Xcode 'outputs' to avoid re-running this script phase.\necho \"SUCCESS\" > \"${SCRIPT_OUTPUT_FILE_0}\"\n";
			showEnvVarsInLog = 0;
		};
/* End PBXShellScriptBuildPhase section */

/* Begin PBXSourcesBuildPhase section */
		E75A8273284BEDF8001E6B91 /* Sources */ = {
			isa = PBXSourcesBuildPhase;
			buildActionMask = 2147483647;
			files = (
				E75A827D284BEDF8001E6B91 /* ContentView.swift in Sources */,
				E75A827B284BEDF8001E6B91 /* macosAppApp.swift in Sources */,
			);
			runOnlyForDeploymentPostprocessing = 0;
		};
		E75A8284284BEDF9001E6B91 /* Sources */ = {
			isa = PBXSourcesBuildPhase;
			buildActionMask = 2147483647;
			files = (
				E75A828D284BEDF9001E6B91 /* macosAppTests.swift in Sources */,
			);
			runOnlyForDeploymentPostprocessing = 0;
		};
		E75A828E284BEDF9001E6B91 /* Sources */ = {
			isa = PBXSourcesBuildPhase;
			buildActionMask = 2147483647;
			files = (
				E75A8299284BEDF9001E6B91 /* macosAppUITestsLaunchTests.swift in Sources */,
				E75A8297284BEDF9001E6B91 /* macosAppUITests.swift in Sources */,
			);
			runOnlyForDeploymentPostprocessing = 0;
		};
/* End PBXSourcesBuildPhase section */

/* Begin PBXTargetDependency section */
		E75A828A284BEDF9001E6B91 /* PBXTargetDependency */ = {
			isa = PBXTargetDependency;
			target = E75A8276284BEDF8001E6B91 /* macosApp */;
			targetProxy = E75A8289284BEDF9001E6B91 /* PBXContainerItemProxy */;
		};
		E75A8294284BEDF9001E6B91 /* PBXTargetDependency */ = {
			isa = PBXTargetDependency;
			target = E75A8276284BEDF8001E6B91 /* macosApp */;
			targetProxy = E75A8293284BEDF9001E6B91 /* PBXContainerItemProxy */;
		};
/* End PBXTargetDependency section */

/* Begin XCBuildConfiguration section */
		E75A829A284BEDF9001E6B91 /* Debug */ = {
			isa = XCBuildConfiguration;
			buildSettings = {
				ALWAYS_SEARCH_USER_PATHS = NO;
				CLANG_ANALYZER_NONNULL = YES;
				CLANG_ANALYZER_NUMBER_OBJECT_CONVERSION = YES_AGGRESSIVE;
				CLANG_CXX_LANGUAGE_STANDARD = "gnu++17";
				CLANG_ENABLE_MODULES = YES;
				CLANG_ENABLE_OBJC_ARC = YES;
				CLANG_ENABLE_OBJC_WEAK = YES;
				CLANG_WARN_BLOCK_CAPTURE_AUTORELEASING = YES;
				CLANG_WARN_BOOL_CONVERSION = YES;
				CLANG_WARN_COMMA = YES;
				CLANG_WARN_CONSTANT_CONVERSION = YES;
				CLANG_WARN_DEPRECATED_OBJC_IMPLEMENTATIONS = YES;
				CLANG_WARN_DIRECT_OBJC_ISA_USAGE = YES_ERROR;
				CLANG_WARN_DOCUMENTATION_COMMENTS = YES;
				CLANG_WARN_EMPTY_BODY = YES;
				CLANG_WARN_ENUM_CONVERSION = YES;
				CLANG_WARN_INFINITE_RECURSION = YES;
				CLANG_WARN_INT_CONVERSION = YES;
				CLANG_WARN_NON_LITERAL_NULL_CONVERSION = YES;
				CLANG_WARN_OBJC_IMPLICIT_RETAIN_SELF = YES;
				CLANG_WARN_OBJC_LITERAL_CONVERSION = YES;
				CLANG_WARN_OBJC_ROOT_CLASS = YES_ERROR;
				CLANG_WARN_QUOTED_INCLUDE_IN_FRAMEWORK_HEADER = YES;
				CLANG_WARN_RANGE_LOOP_ANALYSIS = YES;
				CLANG_WARN_STRICT_PROTOTYPES = YES;
				CLANG_WARN_SUSPICIOUS_MOVE = YES;
				CLANG_WARN_UNGUARDED_AVAILABILITY = YES_AGGRESSIVE;
				CLANG_WARN_UNREACHABLE_CODE = YES;
				CLANG_WARN__DUPLICATE_METHOD_MATCH = YES;
				COPY_PHASE_STRIP = NO;
				DEBUG_INFORMATION_FORMAT = dwarf;
				ENABLE_STRICT_OBJC_MSGSEND = YES;
				ENABLE_TESTABILITY = YES;
				GCC_C_LANGUAGE_STANDARD = gnu11;
				GCC_DYNAMIC_NO_PIC = NO;
				GCC_NO_COMMON_BLOCKS = YES;
				GCC_OPTIMIZATION_LEVEL = 0;
				GCC_PREPROCESSOR_DEFINITIONS = (
					"DEBUG=1",
					"$(inherited)",
				);
				GCC_WARN_64_TO_32_BIT_CONVERSION = YES;
				GCC_WARN_ABOUT_RETURN_TYPE = YES_ERROR;
				GCC_WARN_UNDECLARED_SELECTOR = YES;
				GCC_WARN_UNINITIALIZED_AUTOS = YES_AGGRESSIVE;
				GCC_WARN_UNUSED_FUNCTION = YES;
				GCC_WARN_UNUSED_VARIABLE = YES;
				MACOSX_DEPLOYMENT_TARGET = 12.3;
				MTL_ENABLE_DEBUG_INFO = INCLUDE_SOURCE;
				MTL_FAST_MATH = YES;
				ONLY_ACTIVE_ARCH = YES;
				SDKROOT = macosx;
				SWIFT_ACTIVE_COMPILATION_CONDITIONS = DEBUG;
				SWIFT_OPTIMIZATION_LEVEL = "-Onone";
			};
			name = Debug;
		};
		E75A829B284BEDF9001E6B91 /* Release */ = {
			isa = XCBuildConfiguration;
			buildSettings = {
				ALWAYS_SEARCH_USER_PATHS = NO;
				CLANG_ANALYZER_NONNULL = YES;
				CLANG_ANALYZER_NUMBER_OBJECT_CONVERSION = YES_AGGRESSIVE;
				CLANG_CXX_LANGUAGE_STANDARD = "gnu++17";
				CLANG_ENABLE_MODULES = YES;
				CLANG_ENABLE_OBJC_ARC = YES;
				CLANG_ENABLE_OBJC_WEAK = YES;
				CLANG_WARN_BLOCK_CAPTURE_AUTORELEASING = YES;
				CLANG_WARN_BOOL_CONVERSION = YES;
				CLANG_WARN_COMMA = YES;
				CLANG_WARN_CONSTANT_CONVERSION = YES;
				CLANG_WARN_DEPRECATED_OBJC_IMPLEMENTATIONS = YES;
				CLANG_WARN_DIRECT_OBJC_ISA_USAGE = YES_ERROR;
				CLANG_WARN_DOCUMENTATION_COMMENTS = YES;
				CLANG_WARN_EMPTY_BODY = YES;
				CLANG_WARN_ENUM_CONVERSION = YES;
				CLANG_WARN_INFINITE_RECURSION = YES;
				CLANG_WARN_INT_CONVERSION = YES;
				CLANG_WARN_NON_LITERAL_NULL_CONVERSION = YES;
				CLANG_WARN_OBJC_IMPLICIT_RETAIN_SELF = YES;
				CLANG_WARN_OBJC_LITERAL_CONVERSION = YES;
				CLANG_WARN_OBJC_ROOT_CLASS = YES_ERROR;
				CLANG_WARN_QUOTED_INCLUDE_IN_FRAMEWORK_HEADER = YES;
				CLANG_WARN_RANGE_LOOP_ANALYSIS = YES;
				CLANG_WARN_STRICT_PROTOTYPES = YES;
				CLANG_WARN_SUSPICIOUS_MOVE = YES;
				CLANG_WARN_UNGUARDED_AVAILABILITY = YES_AGGRESSIVE;
				CLANG_WARN_UNREACHABLE_CODE = YES;
				CLANG_WARN__DUPLICATE_METHOD_MATCH = YES;
				COPY_PHASE_STRIP = NO;
				DEBUG_INFORMATION_FORMAT = "dwarf-with-dsym";
				ENABLE_NS_ASSERTIONS = NO;
				ENABLE_STRICT_OBJC_MSGSEND = YES;
				GCC_C_LANGUAGE_STANDARD = gnu11;
				GCC_NO_COMMON_BLOCKS = YES;
				GCC_WARN_64_TO_32_BIT_CONVERSION = YES;
				GCC_WARN_ABOUT_RETURN_TYPE = YES_ERROR;
				GCC_WARN_UNDECLARED_SELECTOR = YES;
				GCC_WARN_UNINITIALIZED_AUTOS = YES_AGGRESSIVE;
				GCC_WARN_UNUSED_FUNCTION = YES;
				GCC_WARN_UNUSED_VARIABLE = YES;
				MACOSX_DEPLOYMENT_TARGET = 12.3;
				MTL_ENABLE_DEBUG_INFO = NO;
				MTL_FAST_MATH = YES;
				SDKROOT = macosx;
				SWIFT_COMPILATION_MODE = wholemodule;
				SWIFT_OPTIMIZATION_LEVEL = "-O";
			};
			name = Release;
		};
		E75A829D284BEDF9001E6B91 /* Debug */ = {
			isa = XCBuildConfiguration;
			baseConfigurationReference = BDAE3385CC0430BA106A488D /* Pods-macosApp.debug.xcconfig */;
			buildSettings = {
				ASSETCATALOG_COMPILER_APPICON_NAME = AppIcon;
				ASSETCATALOG_COMPILER_GLOBAL_ACCENT_COLOR_NAME = AccentColor;
				CODE_SIGN_ENTITLEMENTS = macosApp/macosApp.entitlements;
				CODE_SIGN_STYLE = Automatic;
				COMBINE_HIDPI_IMAGES = YES;
				CURRENT_PROJECT_VERSION = 1;
				DEVELOPMENT_ASSET_PATHS = "\"macosApp/Preview Content\"";
				ENABLE_PREVIEWS = YES;
				GENERATE_INFOPLIST_FILE = YES;
				INFOPLIST_KEY_NSHumanReadableCopyright = "";
				LD_RUNPATH_SEARCH_PATHS = (
					"$(inherited)",
					"@executable_path/../Frameworks",
				);
				MARKETING_VERSION = 1.0;
				PRODUCT_BUNDLE_IDENTIFIER = orgIdentifier.macosApp;
				PRODUCT_NAME = "$(TARGET_NAME)";
				SWIFT_EMIT_LOC_STRINGS = YES;
				SWIFT_VERSION = 5.0;
			};
			name = Debug;
		};
		E75A829E284BEDF9001E6B91 /* Release */ = {
			isa = XCBuildConfiguration;
			baseConfigurationReference = DBC59050D1542682B76FD3D0 /* Pods-macosApp.release.xcconfig */;
			buildSettings = {
				ASSETCATALOG_COMPILER_APPICON_NAME = AppIcon;
				ASSETCATALOG_COMPILER_GLOBAL_ACCENT_COLOR_NAME = AccentColor;
				CODE_SIGN_ENTITLEMENTS = macosApp/macosApp.entitlements;
				CODE_SIGN_STYLE = Automatic;
				COMBINE_HIDPI_IMAGES = YES;
				CURRENT_PROJECT_VERSION = 1;
				DEVELOPMENT_ASSET_PATHS = "\"macosApp/Preview Content\"";
				ENABLE_PREVIEWS = YES;
				GENERATE_INFOPLIST_FILE = YES;
				INFOPLIST_KEY_NSHumanReadableCopyright = "";
				LD_RUNPATH_SEARCH_PATHS = (
					"$(inherited)",
					"@executable_path/../Frameworks",
				);
				MARKETING_VERSION = 1.0;
				PRODUCT_BUNDLE_IDENTIFIER = orgIdentifier.macosApp;
				PRODUCT_NAME = "$(TARGET_NAME)";
				SWIFT_EMIT_LOC_STRINGS = YES;
				SWIFT_VERSION = 5.0;
			};
			name = Release;
		};
		E75A82A0284BEDF9001E6B91 /* Debug */ = {
			isa = XCBuildConfiguration;
			buildSettings = {
				ALWAYS_EMBED_SWIFT_STANDARD_LIBRARIES = YES;
				BUNDLE_LOADER = "$(TEST_HOST)";
				CODE_SIGN_STYLE = Automatic;
				CURRENT_PROJECT_VERSION = 1;
				GENERATE_INFOPLIST_FILE = YES;
				MACOSX_DEPLOYMENT_TARGET = 12.3;
				MARKETING_VERSION = 1.0;
				PRODUCT_BUNDLE_IDENTIFIER = com.stegnerd.macosAppTests;
				PRODUCT_NAME = "$(TARGET_NAME)";
				SWIFT_EMIT_LOC_STRINGS = NO;
				SWIFT_VERSION = 5.0;
				TEST_HOST = "$(BUILT_PRODUCTS_DIR)/macosApp.app/Contents/MacOS/macosApp";
			};
			name = Debug;
		};
		E75A82A1284BEDF9001E6B91 /* Release */ = {
			isa = XCBuildConfiguration;
			buildSettings = {
				ALWAYS_EMBED_SWIFT_STANDARD_LIBRARIES = YES;
				BUNDLE_LOADER = "$(TEST_HOST)";
				CODE_SIGN_STYLE = Automatic;
				CURRENT_PROJECT_VERSION = 1;
				GENERATE_INFOPLIST_FILE = YES;
				MACOSX_DEPLOYMENT_TARGET = 12.3;
				MARKETING_VERSION = 1.0;
				PRODUCT_BUNDLE_IDENTIFIER = com.stegnerd.macosAppTests;
				PRODUCT_NAME = "$(TARGET_NAME)";
				SWIFT_EMIT_LOC_STRINGS = NO;
				SWIFT_VERSION = 5.0;
				TEST_HOST = "$(BUILT_PRODUCTS_DIR)/macosApp.app/Contents/MacOS/macosApp";
			};
			name = Release;
		};
		E75A82A3284BEDF9001E6B91 /* Debug */ = {
			isa = XCBuildConfiguration;
			buildSettings = {
				ALWAYS_EMBED_SWIFT_STANDARD_LIBRARIES = YES;
				CODE_SIGN_STYLE = Automatic;
				CURRENT_PROJECT_VERSION = 1;
				GENERATE_INFOPLIST_FILE = YES;
				MARKETING_VERSION = 1.0;
				PRODUCT_BUNDLE_IDENTIFIER = com.stegnerd.macosAppUITests;
				PRODUCT_NAME = "$(TARGET_NAME)";
				SWIFT_EMIT_LOC_STRINGS = NO;
				SWIFT_VERSION = 5.0;
				TEST_TARGET_NAME = macosApp;
			};
			name = Debug;
		};
		E75A82A4284BEDF9001E6B91 /* Release */ = {
			isa = XCBuildConfiguration;
			buildSettings = {
				ALWAYS_EMBED_SWIFT_STANDARD_LIBRARIES = YES;
				CODE_SIGN_STYLE = Automatic;
				CURRENT_PROJECT_VERSION = 1;
				GENERATE_INFOPLIST_FILE = YES;
				MARKETING_VERSION = 1.0;
				PRODUCT_BUNDLE_IDENTIFIER = com.stegnerd.macosAppUITests;
				PRODUCT_NAME = "$(TARGET_NAME)";
				SWIFT_EMIT_LOC_STRINGS = NO;
				SWIFT_VERSION = 5.0;
				TEST_TARGET_NAME = macosApp;
			};
			name = Release;
		};
/* End XCBuildConfiguration section */

/* Begin XCConfigurationList section */
		E75A8272284BEDF8001E6B91 /* Build configuration list for PBXProject "macosApp" */ = {
			isa = XCConfigurationList;
			buildConfigurations = (
				E75A829A284BEDF9001E6B91 /* Debug */,
				E75A829B284BEDF9001E6B91 /* Release */,
			);
			defaultConfigurationIsVisible = 0;
			defaultConfigurationName = Release;
		};
		E75A829C284BEDF9001E6B91 /* Build configuration list for PBXNativeTarget "macosApp" */ = {
			isa = XCConfigurationList;
			buildConfigurations = (
				E75A829D284BEDF9001E6B91 /* Debug */,
				E75A829E284BEDF9001E6B91 /* Release */,
			);
			defaultConfigurationIsVisible = 0;
			defaultConfigurationName = Release;
		};
		E75A829F284BEDF9001E6B91 /* Build configuration list for PBXNativeTarget "macosAppTests" */ = {
			isa = XCConfigurationList;
			buildConfigurations = (
				E75A82A0284BEDF9001E6B91 /* Debug */,
				E75A82A1284BEDF9001E6B91 /* Release */,
			);
			defaultConfigurationIsVisible = 0;
			defaultConfigurationName = Release;
		};
		E75A82A2284BEDF9001E6B91 /* Build configuration list for PBXNativeTarget "macosAppUITests" */ = {
			isa = XCConfigurationList;
			buildConfigurations = (
				E75A82A3284BEDF9001E6B91 /* Debug */,
				E75A82A4284BEDF9001E6B91 /* Release */,
			);
			defaultConfigurationIsVisible = 0;
			defaultConfigurationName = Release;
		};
/* End XCConfigurationList section */
	};
	rootObject = E75A826F284BEDF8001E6B91 /* Project object */;
}
